<Solution>
  <Project Path="//wsl.localhost/Ubuntu/home/rodrigo/projetos/Magic-casino-qab/Magic-casino-slot/Magic-casino-slot.csproj" />
  <Project Path="//wsl.localhost/Ubuntu/home/rodrigo/projetos/Magic-casino-qab/Magic-casino-sportbook/Magic-casino-sportbook.csproj" Id="116301af-139f-459b-a9b1-329f3edab103" />
  <Project Path="//wsl.localhost/Ubuntu/home/rodrigo/projetos/Magic-casino-qab/Magic-casino-tournament/Magic-casino-tournament.csproj" Id="c4b94d96-c275-42c0-a951-1367dcc55450" />
  <Project Path="//wsl.localhost/Ubuntu/home/rodrigo/projetos/Magic-casino-qab/Magic-casino/Magic-casino.csproj" />
  <Project Path="//wsl.localhost/Ubuntu/home/rodrigo/projetos/Magic-casino-qab/Magic_Casino_Bot/Magic_Casino_Bot.csproj" />
</Solution>
