{
  "name": "Magic-casino",
  "lockfileVersion": 3,
  "requires": true,
  "packages": {
    "": {
      "dependencies": {
        "maska": "^3.2.0"
      }
    },
    "node_modules/maska": {
      "version": "3.2.0",
      "resolved": "https://registry.npmjs.org/maska/-/maska-3.2.0.tgz",
      "integrity": "sha512-zSmSgs5/q9vMSmrdZT3rKOv9uLznNWR/niuuAdBZDTvB3SMKOX9vhMtDijFyExz+B4UClu2rvksylUh/ea1bLA==",
      "license": "MIT"
    }
  }
}
